
Microsoft Visual Studio Solution File, Format Version 12.00
# Visual Studio Version 17
VisualStudioVersion = 17.4.33110.190
MinimumVisualStudioVersion = 10.0.40219.1
Project("{FAE04EC0-301F-11D3-BF4B-00C04F79EFBC}") = "VinylStoreWebApp", "VinylStoreWebApp.csproj", "{7410A9A6-63A6-4FF2-A06E-2637F3A72A6C}"
EndProject
Global
	GlobalSection(SolutionConfigurationPlatforms) = preSolution
		Debug|Any CPU = Debug|Any CPU
		Release|Any CPU = Release|Any CPU
	EndGlobalSection
	GlobalSection(ProjectConfigurationPlatforms) = postSolution
		{7410A9A6-63A6-4FF2-A06E-2637F3A72A6C}.Debug|Any CPU.ActiveCfg = Debug|Any CPU
		{7410A9A6-63A6-4FF2-A06E-2637F3A72A6C}.Debug|Any CPU.Build.0 = Debug|Any CPU
		{7410A9A6-63A6-4FF2-A06E-2637F3A72A6C}.Release|Any CPU.ActiveCfg = Release|Any CPU
		{7410A9A6-63A6-4FF2-A06E-2637F3A72A6C}.Release|Any CPU.Build.0 = Release|Any CPU
	EndGlobalSection
	GlobalSection(SolutionProperties) = preSolution
		HideSolutionNode = FALSE
	EndGlobalSection
	GlobalSection(ExtensibilityGlobals) = postSolution
		SolutionGuid = {1A12EAAD-0606-40C9-B369-E53E51F01464}
	EndGlobalSection
EndGlobal
